// !$*UTF8*$!
{
	archiveVersion = 1;
	classes = {
	};
	objectVersion = 77;
	objects = {

/* Begin PBXBuildFile section */
		32D245502D4ED723001E7F71 /* MapboxMaps in Frameworks */ = {isa = PBXBuildFile; productRef = 32D2454F2D4ED723001E7F71 /* MapboxMaps */; };
/* End PBXBuildFile section */

/* Begin PBXContainerItemProxy section */
		32E83DC42D4E912A0002298C /* PBXContainerItemProxy */ = {
			isa = PBXContainerItemProxy;
			containerPortal = 32E83DAB2D4E91280002298C /* Project object */;
			proxyType = 1;
			remoteGlobalIDString = 32E83DB22D4E91280002298C;
			remoteInfo = DealifyApp;
		};
		32E83DCE2D4E912B0002298C /* PBXContainerItemProxy */ = {
			isa = PBXContainerItemProxy;
			containerPortal = 32E83DAB2D4E91280002298C /* Project object */;
			proxyType = 1;
			remoteGlobalIDString = 32E83DB22D4E91280002298C;
			remoteInfo = DealifyApp;
		};
/* End PBXContainerItemProxy section */

/* Begin PBXFileReference section */
		32E83DB32D4E91280002298C /* DealifyApp.app */ = {isa = PBXFileReference; explicitFileType = wrapper.application; includeInIndex = 0; path = DealifyApp.app; sourceTree = BUILT_PRODUCTS_DIR; };
		32E83DC32D4E912A0002298C /* DealifyAppTests.xctest */ = {isa = PBXFileReference; explicitFileType = wrapper.cfbundle; includeInIndex = 0; path = DealifyAppTests.xctest; sourceTree = BUILT_PRODUCTS_DIR; };
		32E83DCD2D4E912B0002298C /* DealifyAppUITests.xctest */ = {isa = PBXFileReference; explicitFileType = wrapper.cfbundle; includeInIndex = 0; path = DealifyAppUITests.xctest; sourceTree = BUILT_PRODUCTS_DIR; };
/* End PBXFileReference section */

/* Begin PBXFileSystemSynchronizedRootGroup section */
		32E83DB52D4E91280002298C /* DealifyApp */ = {
			isa = PBXFileSystemSynchronizedRootGroup;
			path = DealifyApp;
			sourceTree = "<group>";
		};
		32E83DC62D4E912A0002298C /* DealifyAppTests */ = {
			isa = PBXFileSystemSynchronizedRootGroup;
			path = DealifyAppTests;
			sourceTree = "<group>";
		};
		32E83DD02D4E912B0002298C /* DealifyAppUITests */ = {
			isa = PBXFileSystemSynchronizedRootGroup;
			path = DealifyAppUITests;
			sourceTree = "<group>";
		};
/* End PBXFileSystemSynchronizedRootGroup section */

/* Begin PBXFrameworksBuildPhase section */
		32E83DB02D4E91280002298C /* Frameworks */ = {
			isa = PBXFrameworksBuildPhase;
			buildActionMask = 2147483647;
			files = (
				32D245502D4ED723001E7F71 /* MapboxMaps in Frameworks */,
			);
			runOnlyForDeploymentPostprocessing = 0;
		};
		32E83DC02D4E912A0002298C /* Frameworks */ = {
			isa = PBXFrameworksBuildPhase;
			buildActionMask = 2147483647;
			files = (
			);
			runOnlyForDeploymentPostprocessing = 0;
		};
		32E83DCA2D4E912B0002298C /* Frameworks */ = {
			isa = PBXFrameworksBuildPhase;
			buildActionMask = 2147483647;
			files = (
			);
			runOnlyForDeploymentPostprocessing = 0;
		};
/* End PBXFrameworksBuildPhase section */

/* Begin PBXGroup section */
		32E83DAA2D4E91280002298C = {
			isa = PBXGroup;
			children = (
				32E83DB52D4E91280002298C /* DealifyApp */,
				32E83DC62D4E912A0002298C /* DealifyAppTests */,
				32E83DD02D4E912B0002298C /* DealifyAppUITests */,
				32E83DB42D4E91280002298C /* Products */,
				615DDF510236CD290B79D488 /* Pods */,
			);
			sourceTree = "<group>";
		};
		32E83DB42D4E91280002298C /* Products */ = {
			isa = PBXGroup;
			children = (
				32E83DB32D4E91280002298C /* DealifyApp.app */,
				32E83DC32D4E912A0002298C /* DealifyAppTests.xctest */,
				32E83DCD2D4E912B0002298C /* DealifyAppUITests.xctest */,
			);
			name = Products;
			sourceTree = "<group>";
		};
		615DDF510236CD290B79D488 /* Pods */ = {
			isa = PBXGroup;
			children = (
			);
			path = Pods;
			sourceTree = "<group>";
		};
/* End PBXGroup section */

/* Begin PBXNativeTarget section */
		32E83DB22D4E91280002298C /* DealifyApp */ = {
			isa = PBXNativeTarget;
			buildConfigurationList = 32E83DD72D4E912B0002298C /* Build configuration list for PBXNativeTarget "DealifyApp" */;
			buildPhases = (
				32E83DAF2D4E91280002298C /* Sources */,
				32E83DB02D4E91280002298C /* Frameworks */,
				32E83DB12D4E91280002298C /* Resources */,
			);
			buildRules = (
			);
			dependencies = (
			);
			fileSystemSynchronizedGroups = (
				32E83DB52D4E91280002298C /* DealifyApp */,
			);
			name = DealifyApp;
			productName = DealifyApp;
			productReference = 32E83DB32D4E91280002298C /* DealifyApp.app */;
			productType = "com.apple.product-type.application";
		};
		32E83DC22D4E912A0002298C /* DealifyAppTests */ = {
			isa = PBXNativeTarget;
			buildConfigurationList = 32E83DDA2D4E912B0002298C /* Build configuration list for PBXNativeTarget "DealifyAppTests" */;
			buildPhases = (
				32E83DBF2D4E912A0002298C /* Sources */,
				32E83DC02D4E912A0002298C /* Frameworks */,
				32E83DC12D4E912A0002298C /* Resources */,
			);
			buildRules = (
			);
			dependencies = (
				32E83DC52D4E912A0002298C /* PBXTargetDependency */,
			);
			fileSystemSynchronizedGroups = (
				32E83DC62D4E912A0002298C /* DealifyAppTests */,
			);
			name = DealifyAppTests;
			productName = DealifyAppTests;
			productReference = 32E83DC32D4E912A0002298C /* DealifyAppTests.xctest */;
			productType = "com.apple.product-type.bundle.unit-test";
		};
		32E83DCC2D4E912B0002298C /* DealifyAppUITests */ = {
			isa = PBXNativeTarget;
			buildConfigurationList = 32E83DDD2D4E912B0002298C /* Build configuration list for PBXNativeTarget "DealifyAppUITests" */;
			buildPhases = (
				32E83DC92D4E912B0002298C /* Sources */,
				32E83DCA2D4E912B0002298C /* Frameworks */,
				32E83DCB2D4E912B0002298C /* Resources */,
			);
			buildRules = (
			);
			dependencies = (
				32E83DCF2D4E912B0002298C /* PBXTargetDependency */,
			);
			fileSystemSynchronizedGroups = (
				32E83DD02D4E912B0002298C /* DealifyAppUITests */,
			);
			name = DealifyAppUITests;
			productName = DealifyAppUITests;
			productReference = 32E83DCD2D4E912B0002298C /* DealifyAppUITests.xctest */;
			productType = "com.apple.product-type.bundle.ui-testing";
		};
/* End PBXNativeTarget section */

/* Begin PBXProject section */
		32E83DAB2D4E91280002298C /* Project object */ = {
			isa = PBXProject;
			attributes = {
				BuildIndependentTargetsInParallel = 1;
				LastSwiftUpdateCheck = 1600;
				LastUpgradeCheck = 1600;
				TargetAttributes = {
					32E83DB22D4E91280002298C = {
						CreatedOnToolsVersion = 16.0;
					};
					32E83DC22D4E912A0002298C = {
						CreatedOnToolsVersion = 16.0;
						TestTargetID = 32E83DB22D4E91280002298C;
					};
					32E83DCC2D4E912B0002298C = {
						CreatedOnToolsVersion = 16.0;
						TestTargetID = 32E83DB22D4E91280002298C;
					};
				};
			};
			buildConfigurationList = 32E83DAE2D4E91280002298C /* Build configuration list for PBXProject "DealifyApp" */;
			developmentRegion = en;
			hasScannedForEncodings = 0;
			knownRegions = (
				en,
				Base,
			);
			mainGroup = 32E83DAA2D4E91280002298C;
			minimizedProjectReferenceProxies = 1;
			packageReferences = (
				32D2454E2D4ED723001E7F71 /* XCRemoteSwiftPackageReference "mapbox-maps-ios" */,
			);
			preferredProjectObjectVersion = 77;
			productRefGroup = 32E83DB42D4E91280002298C /* Products */;
			projectDirPath = "";
			projectRoot = "";
			targets = (
				32E83DB22D4E91280002298C /* DealifyApp */,
				32E83DC22D4E912A0002298C /* DealifyAppTests */,
				32E83DCC2D4E912B0002298C /* DealifyAppUITests */,
			);
		};
/* End PBXProject section */

/* Begin PBXResourcesBuildPhase section */
		32E83DB12D4E91280002298C /* Resources */ = {
			isa = PBXResourcesBuildPhase;
			buildActionMask = 2147483647;
			files = (
			);
			runOnlyForDeploymentPostprocessing = 0;
		};
		32E83DC12D4E912A0002298C /* Resources */ = {
			isa = PBXResourcesBuildPhase;
			buildActionMask = 2147483647;
			files = (
			);
			runOnlyForDeploymentPostprocessing = 0;
		};
		32E83DCB2D4E912B0002298C /* Resources */ = {
			isa = PBXResourcesBuildPhase;
			buildActionMask = 2147483647;
			files = (
			);
			runOnlyForDeploymentPostprocessing = 0;
		};
/* End PBXResourcesBuildPhase section */

/* Begin PBXSourcesBuildPhase section */
		32E83DAF2D4E91280002298C /* Sources */ = {
			isa = PBXSourcesBuildPhase;
			buildActionMask = 2147483647;
			files = (
			);
			runOnlyForDeploymentPostprocessing = 0;
		};
		32E83DBF2D4E912A0002298C /* Sources */ = {
			isa = PBXSourcesBuildPhase;
			buildActionMask = 2147483647;
			files = (
			);
			runOnlyForDeploymentPostprocessing = 0;
		};
		32E83DC92D4E912B0002298C /* Sources */ = {
			isa = PBXSourcesBuildPhase;
			buildActionMask = 2147483647;
			files = (
			);
			runOnlyForDeploymentPostprocessing = 0;
		};
/* End PBXSourcesBuildPhase section */

/* Begin PBXTargetDependency section */
		32E83DC52D4E912A0002298C /* PBXTargetDependency */ = {
			isa = PBXTargetDependency;
			target = 32E83DB22D4E91280002298C /* DealifyApp */;
			targetProxy = 32E83DC42D4E912A0002298C /* PBXContainerItemProxy */;
		};
		32E83DCF2D4E912B0002298C /* PBXTargetDependency */ = {
			isa = PBXTargetDependency;
			target = 32E83DB22D4E91280002298C /* DealifyApp */;
			targetProxy = 32E83DCE2D4E912B0002298C /* PBXContainerItemProxy */;
		};
/* End PBXTargetDependency section */

/* Begin XCBuildConfiguration section */
		32E83DD52D4E912B0002298C /* Debug */ = {
			isa = XCBuildConfiguration;
			buildSettings = {
				ALWAYS_SEARCH_USER_PATHS = NO;
				ASSETCATALOG_COMPILER_GENERATE_SWIFT_ASSET_SYMBOL_EXTENSIONS = YES;
				CLANG_ANALYZER_NONNULL = YES;
				CLANG_ANALYZER_NUMBER_OBJECT_CONVERSION = YES_AGGRESSIVE;
				CLANG_CXX_LANGUAGE_STANDARD = "gnu++20";
				CLANG_ENABLE_MODULES = YES;
				CLANG_ENABLE_OBJC_ARC = YES;
				CLANG_ENABLE_OBJC_WEAK = YES;
				CLANG_WARN_BLOCK_CAPTURE_AUTORELEASING = YES;
				CLANG_WARN_BOOL_CONVERSION = YES;
				CLANG_WARN_COMMA = YES;
				CLANG_WARN_CONSTANT_CONVERSION = YES;
				CLANG_WARN_DEPRECATED_OBJC_IMPLEMENTATIONS = YES;
				CLANG_WARN_DIRECT_OBJC_ISA_USAGE = YES_ERROR;
				CLANG_WARN_DOCUMENTATION_COMMENTS = YES;
				CLANG_WARN_EMPTY_BODY = YES;
				CLANG_WARN_ENUM_CONVERSION = YES;
				CLANG_WARN_INFINITE_RECURSION = YES;
				CLANG_WARN_INT_CONVERSION = YES;
				CLANG_WARN_NON_LITERAL_NULL_CONVERSION = YES;
				CLANG_WARN_OBJC_IMPLICIT_RETAIN_SELF = YES;
				CLANG_WARN_OBJC_LITERAL_CONVERSION = YES;
				CLANG_WARN_OBJC_ROOT_CLASS = YES_ERROR;
				CLANG_WARN_QUOTED_INCLUDE_IN_FRAMEWORK_HEADER = YES;
				CLANG_WARN_RANGE_LOOP_ANALYSIS = YES;
				CLANG_WARN_STRICT_PROTOTYPES = YES;
				CLANG_WARN_SUSPICIOUS_MOVE = YES;
				CLANG_WARN_UNGUARDED_AVAILABILITY = YES_AGGRESSIVE;
				CLANG_WARN_UNREACHABLE_CODE = YES;
				CLANG_WARN__DUPLICATE_METHOD_MATCH = YES;
				COPY_PHASE_STRIP = NO;
				DEBUG_INFORMATION_FORMAT = dwarf;
				ENABLE_STRICT_OBJC_MSGSEND = YES;
				ENABLE_TESTABILITY = YES;
				ENABLE_USER_SCRIPT_SANDBOXING = YES;
				GCC_C_LANGUAGE_STANDARD = gnu17;
				GCC_DYNAMIC_NO_PIC = NO;
				GCC_NO_COMMON_BLOCKS = YES;
				GCC_OPTIMIZATION_LEVEL = 0;
				GCC_PREPROCESSOR_DEFINITIONS = (
					"DEBUG=1",
					"$(inherited)",
				);
				GCC_WARN_64_TO_32_BIT_CONVERSION = YES;
				GCC_WARN_ABOUT_RETURN_TYPE = YES_ERROR;
				GCC_WARN_UNDECLARED_SELECTOR = YES;
				GCC_WARN_UNINITIALIZED_AUTOS = YES_AGGRESSIVE;
				GCC_WARN_UNUSED_FUNCTION = YES;
				GCC_WARN_UNUSED_VARIABLE = YES;
				IPHONEOS_DEPLOYMENT_TARGET = 18.0;
				LOCALIZATION_PREFERS_STRING_CATALOGS = YES;
				MTL_ENABLE_DEBUG_INFO = INCLUDE_SOURCE;
				MTL_FAST_MATH = YES;
				ONLY_ACTIVE_ARCH = YES;
				SDKROOT = iphoneos;
				SWIFT_ACTIVE_COMPILATION_CONDITIONS = "DEBUG $(inherited)";
				SWIFT_OPTIMIZATION_LEVEL = "-Onone";
			};
			name = Debug;
		};
		32E83DD62D4E912B0002298C /* Release */ = {
			isa = XCBuildConfiguration;
			buildSettings = {
				ALWAYS_SEARCH_USER_PATHS = NO;
				ASSETCATALOG_COMPILER_GENERATE_SWIFT_ASSET_SYMBOL_EXTENSIONS = YES;
				CLANG_ANALYZER_NONNULL = YES;
				CLANG_ANALYZER_NUMBER_OBJECT_CONVERSION = YES_AGGRESSIVE;
				CLANG_CXX_LANGUAGE_STANDARD = "gnu++20";
				CLANG_ENABLE_MODULES = YES;
				CLANG_ENABLE_OBJC_ARC = YES;
				CLANG_ENABLE_OBJC_WEAK = YES;
				CLANG_WARN_BLOCK_CAPTURE_AUTORELEASING = YES;
				CLANG_WARN_BOOL_CONVERSION = YES;
				CLANG_WARN_COMMA = YES;
				CLANG_WARN_CONSTANT_CONVERSION = YES;
				CLANG_WARN_DEPRECATED_OBJC_IMPLEMENTATIONS = YES;
				CLANG_WARN_DIRECT_OBJC_ISA_USAGE = YES_ERROR;
				CLANG_WARN_DOCUMENTATION_COMMENTS = YES;
				CLANG_WARN_EMPTY_BODY = YES;
				CLANG_WARN_ENUM_CONVERSION = YES;
				CLANG_WARN_INFINITE_RECURSION = YES;
				CLANG_WARN_INT_CONVERSION = YES;
				CLANG_WARN_NON_LITERAL_NULL_CONVERSION = YES;
				CLANG_WARN_OBJC_IMPLICIT_RETAIN_SELF = YES;
				CLANG_WARN_OBJC_LITERAL_CONVERSION = YES;
				CLANG_WARN_OBJC_ROOT_CLASS = YES_ERROR;
				CLANG_WARN_QUOTED_INCLUDE_IN_FRAMEWORK_HEADER = YES;
				CLANG_WARN_RANGE_LOOP_ANALYSIS = YES;
				CLANG_WARN_STRICT_PROTOTYPES = YES;
				CLANG_WARN_SUSPICIOUS_MOVE = YES;
				CLANG_WARN_UNGUARDED_AVAILABILITY = YES_AGGRESSIVE;
				CLANG_WARN_UNREACHABLE_CODE = YES;
				CLANG_WARN__DUPLICATE_METHOD_MATCH = YES;
				COPY_PHASE_STRIP = NO;
				DEBUG_INFORMATION_FORMAT = "dwarf-with-dsym";
				ENABLE_NS_ASSERTIONS = NO;
				ENABLE_STRICT_OBJC_MSGSEND = YES;
				ENABLE_USER_SCRIPT_SANDBOXING = YES;
				GCC_C_LANGUAGE_STANDARD = gnu17;
				GCC_NO_COMMON_BLOCKS = YES;
				GCC_WARN_64_TO_32_BIT_CONVERSION = YES;
				GCC_WARN_ABOUT_RETURN_TYPE = YES_ERROR;
				GCC_WARN_UNDECLARED_SELECTOR = YES;
				GCC_WARN_UNINITIALIZED_AUTOS = YES_AGGRESSIVE;
				GCC_WARN_UNUSED_FUNCTION = YES;
				GCC_WARN_UNUSED_VARIABLE = YES;
				IPHONEOS_DEPLOYMENT_TARGET = 18.0;
				LOCALIZATION_PREFERS_STRING_CATALOGS = YES;
				MTL_ENABLE_DEBUG_INFO = NO;
				MTL_FAST_MATH = YES;
				SDKROOT = iphoneos;
				SWIFT_COMPILATION_MODE = wholemodule;
				VALIDATE_PRODUCT = YES;
			};
			name = Release;
		};
		32E83DD82D4E912B0002298C /* Debug */ = {
			isa = XCBuildConfiguration;
			buildSettings = {
				ASSETCATALOG_COMPILER_APPICON_NAME = AppIcon;
				ASSETCATALOG_COMPILER_GLOBAL_ACCENT_COLOR_NAME = AccentColor;
				CODE_SIGN_STYLE = Automatic;
				CURRENT_PROJECT_VERSION = 1;
				DEVELOPMENT_ASSET_PATHS = "\"DealifyApp/Preview Content\"";
				DEVELOPMENT_TEAM = 7SR22FXMU2;
				ENABLE_PREVIEWS = YES;
				GENERATE_INFOPLIST_FILE = YES;
				INFOPLIST_FILE = "";
				INFOPLIST_KEY_NSLocationAlwaysUsageDescription = "\"This app uses your location to improve your experience\"";
				INFOPLIST_KEY_NSLocationWhenInUseUsageDescription = "\"We need your location to show nearby stores\"";
				INFOPLIST_KEY_UIApplicationSceneManifest_Generation = YES;
				INFOPLIST_KEY_UIApplicationSupportsIndirectInputEvents = YES;
				INFOPLIST_KEY_UILaunchScreen_Generation = YES;
				INFOPLIST_KEY_UISupportedInterfaceOrientations_iPad = "UIInterfaceOrientationPortrait UIInterfaceOrientationPortraitUpsideDown UIInterfaceOrientationLandscapeLeft UIInterfaceOrientationLandscapeRight";
				INFOPLIST_KEY_UISupportedInterfaceOrientations_iPhone = "UIInterfaceOrientationPortrait UIInterfaceOrientationLandscapeLeft UIInterfaceOrientationLandscapeRight";
				LD_RUNPATH_SEARCH_PATHS = (
					"$(inherited)",
					"@executable_path/Frameworks",
				);
				MARKETING_VERSION = 1.0;
				PRODUCT_BUNDLE_IDENTIFIER = DealifyApp.DealifyApp;
				PRODUCT_NAME = "$(TARGET_NAME)";
				SWIFT_EMIT_LOC_STRINGS = YES;
				SWIFT_VERSION = 5.0;
				TARGETED_DEVICE_FAMILY = "1,2";
			};
			name = Debug;
		};
		32E83DD92D4E912B0002298C /* Release */ = {
			isa = XCBuildConfiguration;
			buildSettings = {
				ASSETCATALOG_COMPILER_APPICON_NAME = AppIcon;
				ASSETCATALOG_COMPILER_GLOBAL_ACCENT_COLOR_NAME = AccentColor;
				CODE_SIGN_STYLE = Automatic;
				CURRENT_PROJECT_VERSION = 1;
				DEVELOPMENT_ASSET_PATHS = "\"DealifyApp/Preview Content\"";
				DEVELOPMENT_TEAM = 7SR22FXMU2;
				ENABLE_PREVIEWS = YES;
				GENERATE_INFOPLIST_FILE = YES;
				INFOPLIST_FILE = "";
				INFOPLIST_KEY_NSLocationAlwaysUsageDescription = "\"This app uses your location to improve your experience\"";
				INFOPLIST_KEY_NSLocationWhenInUseUsageDescription = "\"We need your location to show nearby stores\"";
				INFOPLIST_KEY_UIApplicationSceneManifest_Generation = YES;
				INFOPLIST_KEY_UIApplicationSupportsIndirectInputEvents = YES;
				INFOPLIST_KEY_UILaunchScreen_Generation = YES;
				INFOPLIST_KEY_UISupportedInterfaceOrientations_iPad = "UIInterfaceOrientationPortrait UIInterfaceOrientationPortraitUpsideDown UIInterfaceOrientationLandscapeLeft UIInterfaceOrientationLandscapeRight";
				INFOPLIST_KEY_UISupportedInterfaceOrientations_iPhone = "UIInterfaceOrientationPortrait UIInterfaceOrientationLandscapeLeft UIInterfaceOrientationLandscapeRight";
				LD_RUNPATH_SEARCH_PATHS = (
					"$(inherited)",
					"@executable_path/Frameworks",
				);
				MARKETING_VERSION = 1.0;
				PRODUCT_BUNDLE_IDENTIFIER = DealifyApp.DealifyApp;
				PRODUCT_NAME = "$(TARGET_NAME)";
				SWIFT_EMIT_LOC_STRINGS = YES;
				SWIFT_VERSION = 5.0;
				TARGETED_DEVICE_FAMILY = "1,2";
			};
			name = Release;
		};
		32E83DDB2D4E912B0002298C /* Debug */ = {
			isa = XCBuildConfiguration;
			buildSettings = {
				BUNDLE_LOADER = "$(TEST_HOST)";
				CODE_SIGN_STYLE = Automatic;
				CURRENT_PROJECT_VERSION = 1;
				GENERATE_INFOPLIST_FILE = YES;
				IPHONEOS_DEPLOYMENT_TARGET = 18.0;
				MARKETING_VERSION = 1.0;
				PRODUCT_BUNDLE_IDENTIFIER = DealifyApp.DealifyAppTests;
				PRODUCT_NAME = "$(TARGET_NAME)";
				SWIFT_EMIT_LOC_STRINGS = NO;
				SWIFT_VERSION = 5.0;
				TARGETED_DEVICE_FAMILY = "1,2";
				TEST_HOST = "$(BUILT_PRODUCTS_DIR)/DealifyApp.app/$(BUNDLE_EXECUTABLE_FOLDER_PATH)/DealifyApp";
			};
			name = Debug;
		};
		32E83DDC2D4E912B0002298C /* Release */ = {
			isa = XCBuildConfiguration;
			buildSettings = {
				BUNDLE_LOADER = "$(TEST_HOST)";
				CODE_SIGN_STYLE = Automatic;
				CURRENT_PROJECT_VERSION = 1;
				GENERATE_INFOPLIST_FILE = YES;
				IPHONEOS_DEPLOYMENT_TARGET = 18.0;
				MARKETING_VERSION = 1.0;
				PRODUCT_BUNDLE_IDENTIFIER = DealifyApp.DealifyAppTests;
				PRODUCT_NAME = "$(TARGET_NAME)";
				SWIFT_EMIT_LOC_STRINGS = NO;
				SWIFT_VERSION = 5.0;
				TARGETED_DEVICE_FAMILY = "1,2";
				TEST_HOST = "$(BUILT_PRODUCTS_DIR)/DealifyApp.app/$(BUNDLE_EXECUTABLE_FOLDER_PATH)/DealifyApp";
			};
			name = Release;
		};
		32E83DDE2D4E912B0002298C /* Debug */ = {
			isa = XCBuildConfiguration;
			buildSettings = {
				CODE_SIGN_STYLE = Automatic;
				CURRENT_PROJECT_VERSION = 1;
				GENERATE_INFOPLIST_FILE = YES;
				MARKETING_VERSION = 1.0;
				PRODUCT_BUNDLE_IDENTIFIER = DealifyApp.DealifyAppUITests;
				PRODUCT_NAME = "$(TARGET_NAME)";
				SWIFT_EMIT_LOC_STRINGS = NO;
				SWIFT_VERSION = 5.0;
				TARGETED_DEVICE_FAMILY = "1,2";
				TEST_TARGET_NAME = DealifyApp;
			};
			name = Debug;
		};
		32E83DDF2D4E912B0002298C /* Release */ = {
			isa = XCBuildConfiguration;
			buildSettings = {
				CODE_SIGN_STYLE = Automatic;
				CURRENT_PROJECT_VERSION = 1;
				GENERATE_INFOPLIST_FILE = YES;
				MARKETING_VERSION = 1.0;
				PRODUCT_BUNDLE_IDENTIFIER = DealifyApp.DealifyAppUITests;
				PRODUCT_NAME = "$(TARGET_NAME)";
				SWIFT_EMIT_LOC_STRINGS = NO;
				SWIFT_VERSION = 5.0;
				TARGETED_DEVICE_FAMILY = "1,2";
				TEST_TARGET_NAME = DealifyApp;
			};
			name = Release;
		};
/* End XCBuildConfiguration section */

/* Begin XCConfigurationList section */
		32E83DAE2D4E91280002298C /* Build configuration list for PBXProject "DealifyApp" */ = {
			isa = XCConfigurationList;
			buildConfigurations = (
				32E83DD52D4E912B0002298C /* Debug */,
				32E83DD62D4E912B0002298C /* Release */,
			);
			defaultConfigurationIsVisible = 0;
			defaultConfigurationName = Release;
		};
		32E83DD72D4E912B0002298C /* Build configuration list for PBXNativeTarget "DealifyApp" */ = {
			isa = XCConfigurationList;
			buildConfigurations = (
				32E83DD82D4E912B0002298C /* Debug */,
				32E83DD92D4E912B0002298C /* Release */,
			);
			defaultConfigurationIsVisible = 0;
			defaultConfigurationName = Release;
		};
		32E83DDA2D4E912B0002298C /* Build configuration list for PBXNativeTarget "DealifyAppTests" */ = {
			isa = XCConfigurationList;
			buildConfigurations = (
				32E83DDB2D4E912B0002298C /* Debug */,
				32E83DDC2D4E912B0002298C /* Release */,
			);
			defaultConfigurationIsVisible = 0;
			defaultConfigurationName = Release;
		};
		32E83DDD2D4E912B0002298C /* Build configuration list for PBXNativeTarget "DealifyAppUITests" */ = {
			isa = XCConfigurationList;
			buildConfigurations = (
				32E83DDE2D4E912B0002298C /* Debug */,
				32E83DDF2D4E912B0002298C /* Release */,
			);
			defaultConfigurationIsVisible = 0;
			defaultConfigurationName = Release;
		};
/* End XCConfigurationList section */

/* Begin XCRemoteSwiftPackageReference section */
		32D2454E2D4ED723001E7F71 /* XCRemoteSwiftPackageReference "mapbox-maps-ios" */ = {
			isa = XCRemoteSwiftPackageReference;
			repositoryURL = "https://github.com/mapbox/mapbox-maps-ios";
			requirement = {
				kind = exactVersion;
				version = 10.9.0;
			};
		};
/* End XCRemoteSwiftPackageReference section */

/* Begin XCSwiftPackageProductDependency section */
		32D2454F2D4ED723001E7F71 /* MapboxMaps */ = {
			isa = XCSwiftPackageProductDependency;
			package = 32D2454E2D4ED723001E7F71 /* XCRemoteSwiftPackageReference "mapbox-maps-ios" */;
			productName = MapboxMaps;
		};
/* End XCSwiftPackageProductDependency section */
	};
	rootObject = 32E83DAB2D4E91280002298C /* Project object */;
}
